
Microsoft Visual Studio Solution File, Format Version 12.00
# Visual Studio Version 17
VisualStudioVersion = 17.5.33530.505
MinimumVisualStudioVersion = 10.0.40219.1
Project("{2150E333-8FDC-42A3-9474-1A3956D46DE8}") = "src", "src", "{EBE31C66-27E9-4C35-8F92-01832BD39D2B}"
EndProject
Project("{FAE04EC0-301F-11D3-BF4B-00C04F79EFBC}") = "Domain", "Domain\Domain.csproj", "{BDDFB490-AA35-4F5F-B076-A5A0CCAAFC74}"
EndProject
Project("{FAE04EC0-301F-11D3-BF4B-00C04F79EFBC}") = "Application", "Application\Application.csproj", "{77373EFE-5909-4A5E-B413-A1B1DD245F49}"
EndProject
Project("{FAE04EC0-301F-11D3-BF4B-00C04F79EFBC}") = "Infrastructure", "Infrastructure\Infrastructure.csproj", "{4BE362FB-F7AA-45C5-A63C-F73FA508D1B2}"
EndProject
Project("{FAE04EC0-301F-11D3-BF4B-00C04F79EFBC}") = "Persistence", "Persistence\Persistence.csproj", "{9AAD9E06-6624-4BFF-9C48-B0D282B9575E}"
EndProject
Project("{FAE04EC0-301F-11D3-BF4B-00C04F79EFBC}") = "Web.Api", "Web.Api\Web.Api.csproj", "{6271A366-87B3-4C8B-AB1F-647B5C4F0D6A}"
EndProject
Global
	GlobalSection(SolutionConfigurationPlatforms) = preSolution
		Debug|Any CPU = Debug|Any CPU
		Release|Any CPU = Release|Any CPU
	EndGlobalSection
	GlobalSection(ProjectConfigurationPlatforms) = postSolution
		{BDDFB490-AA35-4F5F-B076-A5A0CCAAFC74}.Debug|Any CPU.ActiveCfg = Debug|Any CPU
		{BDDFB490-AA35-4F5F-B076-A5A0CCAAFC74}.Debug|Any CPU.Build.0 = Debug|Any CPU
		{BDDFB490-AA35-4F5F-B076-A5A0CCAAFC74}.Release|Any CPU.ActiveCfg = Release|Any CPU
		{BDDFB490-AA35-4F5F-B076-A5A0CCAAFC74}.Release|Any CPU.Build.0 = Release|Any CPU
		{77373EFE-5909-4A5E-B413-A1B1DD245F49}.Debug|Any CPU.ActiveCfg = Debug|Any CPU
		{77373EFE-5909-4A5E-B413-A1B1DD245F49}.Debug|Any CPU.Build.0 = Debug|Any CPU
		{77373EFE-5909-4A5E-B413-A1B1DD245F49}.Release|Any CPU.ActiveCfg = Release|Any CPU
		{77373EFE-5909-4A5E-B413-A1B1DD245F49}.Release|Any CPU.Build.0 = Release|Any CPU
		{4BE362FB-F7AA-45C5-A63C-F73FA508D1B2}.Debug|Any CPU.ActiveCfg = Debug|Any CPU
		{4BE362FB-F7AA-45C5-A63C-F73FA508D1B2}.Debug|Any CPU.Build.0 = Debug|Any CPU
		{4BE362FB-F7AA-45C5-A63C-F73FA508D1B2}.Release|Any CPU.ActiveCfg = Release|Any CPU
		{4BE362FB-F7AA-45C5-A63C-F73FA508D1B2}.Release|Any CPU.Build.0 = Release|Any CPU
		{9AAD9E06-6624-4BFF-9C48-B0D282B9575E}.Debug|Any CPU.ActiveCfg = Debug|Any CPU
		{9AAD9E06-6624-4BFF-9C48-B0D282B9575E}.Debug|Any CPU.Build.0 = Debug|Any CPU
		{9AAD9E06-6624-4BFF-9C48-B0D282B9575E}.Release|Any CPU.ActiveCfg = Release|Any CPU
		{9AAD9E06-6624-4BFF-9C48-B0D282B9575E}.Release|Any CPU.Build.0 = Release|Any CPU
		{6271A366-87B3-4C8B-AB1F-647B5C4F0D6A}.Debug|Any CPU.ActiveCfg = Debug|Any CPU
		{6271A366-87B3-4C8B-AB1F-647B5C4F0D6A}.Debug|Any CPU.Build.0 = Debug|Any CPU
		{6271A366-87B3-4C8B-AB1F-647B5C4F0D6A}.Release|Any CPU.ActiveCfg = Release|Any CPU
		{6271A366-87B3-4C8B-AB1F-647B5C4F0D6A}.Release|Any CPU.Build.0 = Release|Any CPU
	EndGlobalSection
	GlobalSection(SolutionProperties) = preSolution
		HideSolutionNode = FALSE
	EndGlobalSection
	GlobalSection(NestedProjects) = preSolution
		{BDDFB490-AA35-4F5F-B076-A5A0CCAAFC74} = {EBE31C66-27E9-4C35-8F92-01832BD39D2B}
		{77373EFE-5909-4A5E-B413-A1B1DD245F49} = {EBE31C66-27E9-4C35-8F92-01832BD39D2B}
		{4BE362FB-F7AA-45C5-A63C-F73FA508D1B2} = {EBE31C66-27E9-4C35-8F92-01832BD39D2B}
		{9AAD9E06-6624-4BFF-9C48-B0D282B9575E} = {EBE31C66-27E9-4C35-8F92-01832BD39D2B}
		{6271A366-87B3-4C8B-AB1F-647B5C4F0D6A} = {EBE31C66-27E9-4C35-8F92-01832BD39D2B}
	EndGlobalSection
	GlobalSection(ExtensibilityGlobals) = postSolution
		SolutionGuid = {F4C0DE92-40D6-409C-BB1A-355E5CB5ABEA}
	EndGlobalSection
EndGlobal
